lockfileVersion: 5.4

specifiers:
  '@fastify/static': ^5.0.2
  fastify: ^3.0.0
  mercurius: ~8.12.0

dependencies:
  '@fastify/static': 5.0.2
  fastify: 3.29.1
  mercurius: 8.12.2

packages:

  /@fastify/ajv-compiler/1.1.0:
    resolution: {integrity: sha512-gvCOUNpXsWrIQ3A4aXCLIdblL0tDq42BG/2Xw7oxbil9h11uow10ztS2GuFazNBfjbrsZ5nl+nPl5jDSjj5TSg==}
    dependencies:
      ajv: 6.12.6
    dev: false

  /@fastify/error/2.0.0:
    resolution: {integrity: sha512-wI3fpfDT0t7p8E6dA2eTECzzOd+bZsZCJ2Hcv+Onn2b7ZwK3RwD27uW2QDaMtQhAfWQQP+WNK7nKf0twLsBf9w==}
    dev: false

  /@fastify/static/5.0.2:
    resolution: {integrity: sha512-HvyXZ5a7hUHoSBRq9jKUuKIUCkHMkCDcmiAeEmixXlGOx8pEWx3NYOIaiivcjWa6/NLvfdUT+t/jzfVQ2PA7Gw==}
    dependencies:
      content-disposition: 0.5.4
      encoding-negotiator: 2.0.1
      fastify-plugin: 3.0.1
      glob: 7.2.3
      p-limit: 3.1.0
      readable-stream: 3.6.0
      send: 0.17.2
    transitivePeerDependencies:
      - supports-color
    dev: false

  /@graphql-typed-document-node/core/3.1.1_graphql@15.8.0:
    resolution: {integrity: sha512-NQ17ii0rK1b34VZonlmT2QMJFI70m0TRwbknO/ihlbatXyaktDhN/98vBiUU6kNBPljqGqyIrl2T4nY2RpFANg==}
    peerDependencies:
      graphql: ^0.8.0 || ^0.9.0 || ^0.10.0 || ^0.11.0 || ^0.12.0 || ^0.13.0 || ^14.0.0 || ^15.0.0 || ^16.0.0
    dependencies:
      graphql: 15.8.0
    dev: false

  /@types/isomorphic-form-data/2.0.0:
    resolution: {integrity: sha512-A8DxJ9mtMuWuKIQImQkz+hewSFLbvUPtSVl32rHAdL+22Xn0CWPvk2zjuWSFOM8+p/YYoB5MmQThcJshp3no7A==}
    dependencies:
      form-data: 2.5.1
    dev: false

  /abstract-logging/2.0.1:
    resolution: {integrity: sha512-2BjRTZxTPvheOvGbBslFSYOUkr+SjPtOnrLP33f+VIWLzezQpZcqVg7ja3L4dBXmzzgwT+a029jRx5PCi3JuiA==}
    dev: false

  /aggregate-error/3.1.0:
    resolution: {integrity: sha512-4I7Td01quW/RpocfNayFdFVk1qSuoh0E7JrbRJ16nH01HhKFQ88INq9Sd+nd72zqRySlr9BmDA8xlEJ6vJMrYA==}
    engines: {node: '>=8'}
    dependencies:
      clean-stack: 2.2.0
      indent-string: 4.0.0
    dev: false

  /ajv/6.12.6:
    resolution: {integrity: sha512-j3fVLgvTo527anyYyJOGTYJbG+vnnQYvE0m5mmkc1TK+nxAppkCLMIL0aZ4dblVCNoGShhm+kzE4ZUykBoMg4g==}
    dependencies:
      fast-deep-equal: 3.1.3
      fast-json-stable-stringify: 2.1.0
      json-schema-traverse: 0.4.1
      uri-js: 4.4.1
    dev: false

  /ajv/8.11.0:
    resolution: {integrity: sha512-wGgprdCvMalC0BztXvitD2hC04YffAvtsUn93JbGXYLAtCUO4xd17mCCZQxUOItiBwZvJScWo8NIvQMQ71rdpg==}
    dependencies:
      fast-deep-equal: 3.1.3
      json-schema-traverse: 1.0.0
      require-from-string: 2.0.2
      uri-js: 4.4.1
    dev: false

  /archy/1.0.0:
    resolution: {integrity: sha512-Xg+9RwCg/0p32teKdGMPTPnVXKD0w3DfHnFTficozsAgsvq2XenPJq/MYpzzQ/v8zrOyJn6Ds39VA4JIDwFfqw==}
    dev: false

  /array.prototype.map/1.0.4:
    resolution: {integrity: sha512-Qds9QnX7A0qISY7JT5WuJO0NJPE9CMlC6JzHQfhpqAAQQzufVRoeH7EzUY5GcPTx72voG8LV/5eo+b8Qi8hmhA==}
    engines: {node: '>= 0.4'}
    dependencies:
      call-bind: 1.0.2
      define-properties: 1.1.4
      es-abstract: 1.20.1
      es-array-method-boxes-properly: 1.0.0
      is-string: 1.0.7
    dev: false

  /asynckit/0.4.0:
    resolution: {integrity: sha512-Oei9OH4tRh0YqU3GxhX79dM/mwVgvbZJaSNaRk+bshkj0S5cfHcgYakreBjrHwatXKbz+IoIdYLxrKim2MjW0Q==}
    dev: false

  /atomic-sleep/1.0.0:
    resolution: {integrity: sha512-kNOjDqAh7px0XWNI+4QbzoiR/nTkHAWNud2uvnJquD1/x5a7EQZMJT0AczqK0Qn67oY/TTQ1LbUKajZpp3I9tQ==}
    engines: {node: '>=8.0.0'}
    dev: false

  /avvio/7.2.5:
    resolution: {integrity: sha512-AOhBxyLVdpOad3TujtC9kL/9r3HnTkxwQ5ggOsYrvvZP1cCFvzHWJd5XxZDFuTn+IN8vkKSG5SEJrd27vCSbeA==}
    dependencies:
      archy: 1.0.0
      debug: 4.3.4
      fastq: 1.13.0
      queue-microtask: 1.2.3
    transitivePeerDependencies:
      - supports-color
    dev: false

  /balanced-match/1.0.2:
    resolution: {integrity: sha512-3oSeUO0TMV67hN1AmbXsK4yaqU7tjiHlbxRDZOpH0KW9+CeX4bRAaX0Anxt0tx2MrpRpWwQaPwIlISEJhYU5Pw==}
    dev: false

  /brace-expansion/1.1.11:
    resolution: {integrity: sha512-iCuPHDFgrHX7H2vEI/5xpz07zSHB00TpugqhmYtVmMO6518mCuRMoOYFldEBl0g187ufozdaHgWKcYFb61qGiA==}
    dependencies:
      balanced-match: 1.0.2
      concat-map: 0.0.1
    dev: false

  /call-bind/1.0.2:
    resolution: {integrity: sha512-7O+FbCihrB5WGbFYesctwmTKae6rOiIzmz1icreWJ+0aA7LJfuqhEso2T9ncpcFtzMQtzXf2QGGueWJGTYsqrA==}
    dependencies:
      function-bind: 1.1.1
      get-intrinsic: 1.1.2
    dev: false

  /clean-stack/2.2.0:
    resolution: {integrity: sha512-4diC9HaTE+KRAMWhDhrGOECgWZxoevMc5TlkObMqNSsVU62PYzXZ/SMTjzyGAFF1YusgxGcSWTEXBhp0CPwQ1A==}
    engines: {node: '>=6'}
    dev: false

  /combined-stream/1.0.8:
    resolution: {integrity: sha512-FQN4MRfuJeHf7cBbBMJFXhKSDq+2kAArBlmRBvcvFE5BB1HZKXtSFASDhdlz9zOYwxh8lDdnvmMOe/+5cdoEdg==}
    engines: {node: '>= 0.8'}
    dependencies:
      delayed-stream: 1.0.0
    dev: false

  /concat-map/0.0.1:
    resolution: {integrity: sha1-2Klr13/Wjfd5OnMDajug1UBdR3s=}
    dev: false

  /content-disposition/0.5.4:
    resolution: {integrity: sha512-FveZTNuGw04cxlAiWbzi6zTAL/lhehaWbTtgluJh4/E95DqMwTmha3KZN1aAWA8cFIhHzMZUvLevkw5Rqk+tSQ==}
    engines: {node: '>= 0.6'}
    dependencies:
      safe-buffer: 5.2.1
    dev: false

  /cookie/0.5.0:
    resolution: {integrity: sha512-YZ3GUyn/o8gfKJlnlX7g7xq4gyO6OSuhGPKaaGssGB2qgDUS0gPgtTvoyZLTt9Ab6dC4hfc9dV5arkvc/OCmrw==}
    engines: {node: '>= 0.6'}
    dev: false

  /debug/2.6.9:
    resolution: {integrity: sha512-bC7ElrdJaJnPbAP+1EotYvqZsb3ecl5wi6Bfi6BJTUcNowp6cvspg0jXznRTKDjm/E7AdgFBVeAPVMNcKGsHMA==}
    peerDependencies:
      supports-color: '*'
    peerDependenciesMeta:
      supports-color:
        optional: true
    dependencies:
      ms: 2.0.0
    dev: false

  /debug/4.3.4:
    resolution: {integrity: sha512-PRWFHuSU3eDtQJPvnNY7Jcket1j0t5OuOsFzPPzsekD52Zl8qUfFIPEiswXqIvHWGVHOgX+7G/vCNNhehwxfkQ==}
    engines: {node: '>=6.0'}
    peerDependencies:
      supports-color: '*'
    peerDependenciesMeta:
      supports-color:
        optional: true
    dependencies:
      ms: 2.1.2
    dev: false

  /deepmerge/4.2.2:
    resolution: {integrity: sha512-FJ3UgI4gIl+PHZm53knsuSFpE+nESMr7M4v9QcgB7S63Kj/6WqMiFQJpBBYz1Pt+66bZpP3Q7Lye0Oo9MPKEdg==}
    engines: {node: '>=0.10.0'}
    dev: false

  /define-properties/1.1.4:
    resolution: {integrity: sha512-uckOqKcfaVvtBdsVkdPv3XjveQJsNQqmhXgRi8uhvWWuPYZCNlzT8qAyblUgNoXdHdjMTzAqeGjAoli8f+bzPA==}
    engines: {node: '>= 0.4'}
    dependencies:
      has-property-descriptors: 1.0.0
      object-keys: 1.1.1
    dev: false

  /delayed-stream/1.0.0:
    resolution: {integrity: sha512-ZySD7Nf91aLB0RxL4KGrKHBXl7Eds1DAmEdcoVawXnLD7SDhpNgtuII2aAkg7a7QS41jxPSZ17p4VdGnMHk3MQ==}
    engines: {node: '>=0.4.0'}
    dev: false

  /depd/1.1.2:
    resolution: {integrity: sha512-7emPTl6Dpo6JRXOXjLRxck+FlLRX5847cLKEn00PLAgc3g2hTZZgr+e4c2v6QpSmLeFP3n5yUo7ft6avBK/5jQ==}
    engines: {node: '>= 0.6'}
    dev: false

  /destroy/1.0.4:
    resolution: {integrity: sha512-3NdhDuEXnfun/z7x9GOElY49LoqVHoGScmOKwmxhsS8N5Y+Z8KyPPDnaSzqWgYt/ji4mqwfTS34Htrk0zPIXVg==}
    dev: false

  /ee-first/1.1.1:
    resolution: {integrity: sha1-WQxhFWsK4vTwJVcyoViyZrxWsh0=}
    dev: false

  /encodeurl/1.0.2:
    resolution: {integrity: sha512-TPJXq8JqFaVYm2CWmPvnP2Iyo4ZSM7/QKcSmuMLDObfpH5fi7RUGmd/rTDf+rut/saiDiQEeVTNgAmJEdAOx0w==}
    engines: {node: '>= 0.8'}
    dev: false

  /encoding-negotiator/2.0.1:
    resolution: {integrity: sha512-GSK7qphNR4iPcejfAlZxKDoz3xMhnspwImK+Af5WhePS9jUpK/Oh7rUdyENWu+9rgDflOCTmAojBsgsvM8neAQ==}
    engines: {node: '>=10.13.0'}
    dev: false

  /es-abstract/1.20.1:
    resolution: {integrity: sha512-WEm2oBhfoI2sImeM4OF2zE2V3BYdSF+KnSi9Sidz51fQHd7+JuF8Xgcj9/0o+OWeIeIS/MiuNnlruQrJf16GQA==}
    engines: {node: '>= 0.4'}
    dependencies:
      call-bind: 1.0.2
      es-to-primitive: 1.2.1
      function-bind: 1.1.1
      function.prototype.name: 1.1.5
      get-intrinsic: 1.1.2
      get-symbol-description: 1.0.0
      has: 1.0.3
      has-property-descriptors: 1.0.0
      has-symbols: 1.0.3
      internal-slot: 1.0.3
      is-callable: 1.2.4
      is-negative-zero: 2.0.2
      is-regex: 1.1.4
      is-shared-array-buffer: 1.0.2
      is-string: 1.0.7
      is-weakref: 1.0.2
      object-inspect: 1.12.2
      object-keys: 1.1.1
      object.assign: 4.1.2
      regexp.prototype.flags: 1.4.3
      string.prototype.trimend: 1.0.5
      string.prototype.trimstart: 1.0.5
      unbox-primitive: 1.0.2
    dev: false

  /es-array-method-boxes-properly/1.0.0:
    resolution: {integrity: sha512-wd6JXUmyHmt8T5a2xreUwKcGPq6f1f+WwIJkijUqiGcJz1qqnZgP6XIK+QyIWU5lT7imeNxUll48bziG+TSYcA==}
    dev: false

  /es-get-iterator/1.1.2:
    resolution: {integrity: sha512-+DTO8GYwbMCwbywjimwZMHp8AuYXOS2JZFWoi2AlPOS3ebnII9w/NLpNZtA7A0YLaVDw+O7KFCeoIV7OPvM7hQ==}
    dependencies:
      call-bind: 1.0.2
      get-intrinsic: 1.1.2
      has-symbols: 1.0.3
      is-arguments: 1.1.1
      is-map: 2.0.2
      is-set: 2.0.2
      is-string: 1.0.7
      isarray: 2.0.5
    dev: false

  /es-to-primitive/1.2.1:
    resolution: {integrity: sha512-QCOllgZJtaUo9miYBcLChTUaHNjJF3PYs1VidD7AwiEj1kYxKeQTctLAezAOH5ZKRH0g2IgPn6KwB4IT8iRpvA==}
    engines: {node: '>= 0.4'}
    dependencies:
      is-callable: 1.2.4
      is-date-object: 1.0.5
      is-symbol: 1.0.4
    dev: false

  /escape-html/1.0.3:
    resolution: {integrity: sha512-NiSupZ4OeuGwr68lGIeym/ksIZMJodUGOSCZ/FSnTxcrekbvqrgdUxlJOMpijaKZVjAJrWrGs/6Jy8OMuyj9ow==}
    dev: false

  /etag/1.8.1:
    resolution: {integrity: sha512-aIL5Fx7mawVa300al2BnEE4iNvo1qETxLrPI/o05L7z6go7fCw1J6EQmbK4FmJ2AS7kgVF/KEZWufBfdClMcPg==}
    engines: {node: '>= 0.6'}
    dev: false

  /events.on/1.0.1:
    resolution: {integrity: sha512-yT4htzImIQAf7mFV3heqTRNVwysZIgQjrribiCYQk152gcG6shz/WU/6xVGr0oDzkzcDPhMcCYy4lEKBiadSRA==}
    dev: false

  /fast-decode-uri-component/1.0.1:
    resolution: {integrity: sha512-WKgKWg5eUxvRZGwW8FvfbaH7AXSh2cL+3j5fMGzUMCxWBJ3dV3a7Wz8y2f/uQ0e3B6WmodD3oS54jTQ9HVTIIg==}
    dev: false

  /fast-deep-equal/3.1.3:
    resolution: {integrity: sha512-f3qQ9oQy9j2AhBe/H9VC91wLmKBCCU/gDOnKNAYG5hswO7BLKj09Hc5HYNz9cGI++xlpDCIgDaitVs03ATR84Q==}
    dev: false

  /fast-json-stable-stringify/2.1.0:
    resolution: {integrity: sha512-lhd/wF+Lk98HZoTCtlVraHtfh5XYijIjalXck7saUtuanSDyLMxnHhSXEDJqHxD7msR8D0uCmqlkwjCV8xvwHw==}
    dev: false

  /fast-json-stringify/1.21.0:
    resolution: {integrity: sha512-xY6gyjmHN3AK1Y15BCbMpeO9+dea5ePVsp3BouHCdukcx0hOHbXwFhRodhcI0NpZIgDChSeAKkHW9YjKvhwKBA==}
    dependencies:
      ajv: 6.12.6
      deepmerge: 4.2.2
      string-similarity: 4.0.4
    dev: false

  /fast-json-stringify/2.7.13:
    resolution: {integrity: sha512-ar+hQ4+OIurUGjSJD1anvYSDcUflywhKjfxnsW4TBTD7+u0tJufv6DKRWoQk3vI6YBOWMoz0TQtfbe7dxbQmvA==}
    engines: {node: '>= 10.0.0'}
    dependencies:
      ajv: 6.12.6
      deepmerge: 4.2.2
      rfdc: 1.3.0
      string-similarity: 4.0.4
    dev: false

  /fast-redact/3.1.1:
    resolution: {integrity: sha512-odVmjC8x8jNeMZ3C+rPMESzXVSEU8tSWSHv9HFxP2mm89G/1WwqhrerJDQm9Zus8X6aoRgQDThKqptdNA6bt+A==}
    engines: {node: '>=6'}
    dev: false

  /fast-safe-stringify/2.1.1:
    resolution: {integrity: sha512-W+KJc2dmILlPplD/H4K9l9LcAHAfPtP6BY84uVLXQ6Evcz9Lcg33Y2z1IVblT6xdY54PXYVHEv+0Wpq8Io6zkA==}
    dev: false

  /fastify-error/0.3.1:
    resolution: {integrity: sha512-oCfpcsDndgnDVgiI7bwFKAun2dO+4h84vBlkWsWnz/OUK9Reff5UFoFl241xTiLeHWX/vU9zkDVXqYUxjOwHcQ==}
    dev: false

  /fastify-plugin/3.0.1:
    resolution: {integrity: sha512-qKcDXmuZadJqdTm6vlCqioEbyewF60b/0LOFCcYN1B6BIZGlYJumWWOYs70SFYLDAH4YqdE1cxH/RKMG7rFxgA==}
    dev: false

  /fastify-static/4.6.1:
    resolution: {integrity: sha512-vy7N28U4AMhuOim12ZZWHulEE6OQKtzZbHgiB8Zj4llUuUQXPka0WHAQI3njm1jTCx4W6fixUHfpITxweMtAIA==}
    dependencies:
      content-disposition: 0.5.4
      encoding-negotiator: 2.0.1
      fastify-plugin: 3.0.1
      glob: 7.2.3
      p-limit: 3.1.0
      readable-stream: 3.6.0
      send: 0.17.2
    transitivePeerDependencies:
      - supports-color
    dev: false

  /fastify-static/4.7.0:
    resolution: {integrity: sha512-zZhCfJv/hkmud2qhWqpU3K9XVAuy3+IV8Tp9BC5J5U+GyA2XwoB6h8lh9GqpEIqdXOw01WyWQllV7dOWVyAlXg==}
    dependencies:
      fastify-static-deprecated: /fastify-static/4.6.1
      process-warning: 1.0.0
    transitivePeerDependencies:
      - supports-color
    dev: false

  /fastify-websocket/4.2.2:
    resolution: {integrity: sha512-Cx4CZwercvoPq4fc6f09VAoa3wqp9qOQUDHp8wMkCHau4zw7wGa+C3Oi2QNUvhvNqw6N4mH8WWYLEnGXUlnumg==}
    dependencies:
      fastify-plugin: 3.0.1
      ws: 8.8.1
    transitivePeerDependencies:
      - bufferutil
      - utf-8-validate
    dev: false

  /fastify-websocket/4.3.0:
    resolution: {integrity: sha512-PLoXjlKHaWOEIJ7tHStM2i8aL4kdYVB8d1Umf7TdpQ93kG7OopO7eV4IAyO545kRiE8pyL1AbjlJeZ7irDA1aA==}
    dependencies:
      fastify-websocket-deprecated: /fastify-websocket/4.2.2
      process-warning: 1.0.0
    transitivePeerDependencies:
      - bufferutil
      - utf-8-validate
    dev: false

  /fastify/3.29.1:
    resolution: {integrity: sha512-UhGmh0/J0YQetqULYfv/utvut0R6ICQvO6Oh81JvG75UbjVgueqoE6EPChB3gR5aF3dVKpT/qFTgc7zvpGTYNg==}
    dependencies:
      '@fastify/ajv-compiler': 1.1.0
      '@fastify/error': 2.0.0
      abstract-logging: 2.0.1
      avvio: 7.2.5
      fast-json-stringify: 2.7.13
      find-my-way: 4.5.1
      flatstr: 1.0.12
      light-my-request: 4.12.0
      pino: 6.14.0
      process-warning: 1.0.0
      proxy-addr: 2.0.7
      rfdc: 1.3.0
      secure-json-parse: 2.4.0
      semver: 7.3.7
      tiny-lru: 8.0.2
    transitivePeerDependencies:
      - supports-color
    dev: false

  /fastparallel/2.4.1:
    resolution: {integrity: sha512-qUmhxPgNHmvRjZKBFUNI0oZuuH9OlSIOXmJ98lhKPxMZZ7zS/Fi0wRHOihDSz0R1YiIOjxzOY4bq65YTcdBi2Q==}
    dependencies:
      reusify: 1.0.4
      xtend: 4.0.2
    dev: false

  /fastq/1.13.0:
    resolution: {integrity: sha512-YpkpUnK8od0o1hmeSc7UUs/eB/vIPWJYjKck2QKIzAf71Vm1AAQ3EbuZB3g2JIy+pg+ERD0vqI79KyZiB2e2Nw==}
    dependencies:
      reusify: 1.0.4
    dev: false

  /find-my-way/4.5.1:
    resolution: {integrity: sha512-kE0u7sGoUFbMXcOG/xpkmz4sRLCklERnBcg7Ftuu1iAxsfEt2S46RLJ3Sq7vshsEy2wJT2hZxE58XZK27qa8kg==}
    engines: {node: '>=10'}
    dependencies:
      fast-decode-uri-component: 1.0.1
      fast-deep-equal: 3.1.3
      safe-regex2: 2.0.0
      semver-store: 0.3.0
    dev: false

  /flatstr/1.0.12:
    resolution: {integrity: sha512-4zPxDyhCyiN2wIAtSLI6gc82/EjqZc1onI4Mz/l0pWrAlsSfYH/2ZIcU+e3oA2wDwbzIWNKwa23F8rh6+DRWkw==}
    dev: false

  /form-data/2.5.1:
    resolution: {integrity: sha512-m21N3WOmEEURgk6B9GLOE4RuWOFf28Lhh9qGYeNlGq4VDXUlJy2th2slBNU8Gp8EzloYZOibZJ7t5ecIrFSjVA==}
    engines: {node: '>= 0.12'}
    dependencies:
      asynckit: 0.4.0
      combined-stream: 1.0.8
      mime-types: 2.1.35
    dev: false

  /forwarded/0.2.0:
    resolution: {integrity: sha512-buRG0fpBtRHSTCOASe6hD258tEubFoRLb4ZNA6NxMVHNw2gOcwHo9wyablzMzOA5z9xA9L1KNjk/Nt6MT9aYow==}
    engines: {node: '>= 0.6'}
    dev: false

  /fresh/0.5.2:
    resolution: {integrity: sha1-PYyt2Q2XZWn6g1qx+OSyOhBWBac=}
    engines: {node: '>= 0.6'}
    dev: false

  /fs.realpath/1.0.0:
    resolution: {integrity: sha512-OO0pH2lK6a0hZnAdau5ItzHPI6pUlvI7jMVnxUQRtw4owF2wk8lOSabtGDCTP4Ggrg2MbGnWO9X8K1t4+fGMDw==}
    dev: false

  /function-bind/1.1.1:
    resolution: {integrity: sha512-yIovAzMX49sF8Yl58fSCWJ5svSLuaibPxXQJFLmBObTuCr0Mf1KiPopGM9NiFjiYBCbfaa2Fh6breQ6ANVTI0A==}
    dev: false

  /function.prototype.name/1.1.5:
    resolution: {integrity: sha512-uN7m/BzVKQnCUF/iW8jYea67v++2u7m5UgENbHRtdDVclOUP+FMPlCNdmk0h/ysGyo2tavMJEDqJAkJdRa1vMA==}
    engines: {node: '>= 0.4'}
    dependencies:
      call-bind: 1.0.2
      define-properties: 1.1.4
      es-abstract: 1.20.1
      functions-have-names: 1.2.3
    dev: false

  /functions-have-names/1.2.3:
    resolution: {integrity: sha512-xckBUXyTIqT97tq2x2AMb+g163b5JFysYk0x4qxNFwbfQkmNZoiRHb6sPzI9/QV33WeuvVYBUIiD4NzNIyqaRQ==}
    dev: false

  /generate-function/2.3.1:
    resolution: {integrity: sha512-eeB5GfMNeevm/GRYq20ShmsaGcmI81kIX2K9XQx5miC8KdHaC6Jm0qQ8ZNeGOi7wYB8OsdxKs+Y2oVuTFuVwKQ==}
    dependencies:
      is-property: 1.0.2
    dev: false

  /get-intrinsic/1.1.2:
    resolution: {integrity: sha512-Jfm3OyCxHh9DJyc28qGk+JmfkpO41A4XkneDSujN9MDXrm4oDKdHvndhZ2dN94+ERNfkYJWDclW6k2L/ZGHjXA==}
    dependencies:
      function-bind: 1.1.1
      has: 1.0.3
      has-symbols: 1.0.3
    dev: false

  /get-symbol-description/1.0.0:
    resolution: {integrity: sha512-2EmdH1YvIQiZpltCNgkuiUnyukzxM/R6NDJX31Ke3BG1Nq5b0S2PhX59UKi9vZpPDQVdqn+1IcaAwnzTT5vCjw==}
    engines: {node: '>= 0.4'}
    dependencies:
      call-bind: 1.0.2
      get-intrinsic: 1.1.2
    dev: false

  /glob/7.2.3:
    resolution: {integrity: sha512-nFR0zLpU2YCaRxwoCJvL6UvCH2JFyFVIvwTLsIf21AuHlMskA1hhTdk+LlYJtOlYt9v6dvszD2BGRqBL+iQK9Q==}
    dependencies:
      fs.realpath: 1.0.0
      inflight: 1.0.6
      inherits: 2.0.4
      minimatch: 3.1.2
      once: 1.4.0
      path-is-absolute: 1.0.1
    dev: false

  /graphql-jit/0.7.4_graphql@15.8.0:
    resolution: {integrity: sha512-kWyHmsQtKMD6xcKDgf4dgPLyIZhviqA6IWGdnA0ElL9wgrIOTxf3eI4c0/U3tnoAU3t09zliVCfDkfIptzYjIA==}
    peerDependencies:
      graphql: '>=15'
    dependencies:
      '@graphql-typed-document-node/core': 3.1.1_graphql@15.8.0
      fast-json-stringify: 1.21.0
      generate-function: 2.3.1
      graphql: 15.8.0
      json-schema: 0.4.0
      lodash.memoize: 4.1.2
      lodash.merge: 4.6.2
      lodash.mergewith: 4.6.2
    dev: false

  /graphql/15.8.0:
    resolution: {integrity: sha512-5gghUc24tP9HRznNpV2+FIoq3xKkj5dTQqf4v0CpdPbFVwFkWoxOM+o+2OC9ZSvjEMTjfmG9QT+gcvggTwW1zw==}
    engines: {node: '>= 10.x'}
    dev: false

  /has-bigints/1.0.2:
    resolution: {integrity: sha512-tSvCKtBr9lkF0Ex0aQiP9N+OpV4zi2r/Nee5VkRDbaqv35RLYMzbwQfFSZZH0kR+Rd6302UJZ2p/bJCEoR3VoQ==}
    dev: false

  /has-property-descriptors/1.0.0:
    resolution: {integrity: sha512-62DVLZGoiEBDHQyqG4w9xCuZ7eJEwNmJRWw2VY84Oedb7WFcA27fiEVe8oUQx9hAUJ4ekurquucTGwsyO1XGdQ==}
    dependencies:
      get-intrinsic: 1.1.2
    dev: false

  /has-symbols/1.0.3:
    resolution: {integrity: sha512-l3LCuF6MgDNwTDKkdYGEihYjt5pRPbEg46rtlmnSPlUbgmB8LOIrKJbYYFBSbnPaJexMKtiPO8hmeRjRz2Td+A==}
    engines: {node: '>= 0.4'}
    dev: false

  /has-tostringtag/1.0.0:
    resolution: {integrity: sha512-kFjcSNhnlGV1kyoGk7OXKSawH5JOb/LzUc5w9B02hOTO0dfFRjbHQKvg1d6cf3HbeUmtU9VbbV3qzZ2Teh97WQ==}
    engines: {node: '>= 0.4'}
    dependencies:
      has-symbols: 1.0.3
    dev: false

  /has/1.0.3:
    resolution: {integrity: sha512-f2dvO0VU6Oej7RkWJGrehjbzMAjFp5/VKPp5tTpWIV4JHHZK1/BxbFRtf/siA2SWTe09caDmVtYYzWEIbBS4zw==}
    engines: {node: '>= 0.4.0'}
    dependencies:
      function-bind: 1.1.1
    dev: false

  /http-errors/1.8.1:
    resolution: {integrity: sha512-Kpk9Sm7NmI+RHhnj6OIWDI1d6fIoFAtFt9RLaTMRlg/8w49juAStsrBgp0Dp4OdxdVbRIeKhtCUvoi/RuAhO4g==}
    engines: {node: '>= 0.6'}
    dependencies:
      depd: 1.1.2
      inherits: 2.0.4
      setprototypeof: 1.2.0
      statuses: 1.5.0
      toidentifier: 1.0.1
    dev: false

  /indent-string/4.0.0:
    resolution: {integrity: sha512-EdDDZu4A2OyIK7Lr/2zG+w5jmbuk1DVBnEwREQvBzspBJkCEbRa8GxU1lghYcaGJCnRWibjDXlq779X1/y5xwg==}
    engines: {node: '>=8'}
    dev: false

  /inflight/1.0.6:
    resolution: {integrity: sha512-k92I/b08q4wvFscXCLvqfsHCrjrF7yiXsQuIVvVE7N82W3+aqpzuUdBbfhWcy/FZR3/4IgflMgKLOsvPDrGCJA==}
    dependencies:
      once: 1.4.0
      wrappy: 1.0.2
    dev: false

  /inherits/2.0.4:
    resolution: {integrity: sha512-k/vGaX4/Yla3WzyMCvTQOXYeIHvqOKtnqBduzTHpzpQZzAskKMhZ2K+EnBiSM9zGSoIFeMpXKxa4dYeZIQqewQ==}
    dev: false

  /internal-slot/1.0.3:
    resolution: {integrity: sha512-O0DB1JC/sPyZl7cIo78n5dR7eUSwwpYPiXRhTzNxZVAMUuB8vlnRFyLxdrVToks6XPLVnFfbzaVd5WLjhgg+vA==}
    engines: {node: '>= 0.4'}
    dependencies:
      get-intrinsic: 1.1.2
      has: 1.0.3
      side-channel: 1.0.4
    dev: false

  /ipaddr.js/1.9.1:
    resolution: {integrity: sha512-0KI/607xoxSToH7GjN1FfSbLoU0+btTicjsQSWQlh/hZykN8KpmMf7uYwPW3R+akZ6R/w18ZlXSHBYXiYUPO3g==}
    engines: {node: '>= 0.10'}
    dev: false

  /is-arguments/1.1.1:
    resolution: {integrity: sha512-8Q7EARjzEnKpt/PCD7e1cgUS0a6X8u5tdSiMqXhojOdoV9TsMsiO+9VLC5vAmO8N7/GmXn7yjR8qnA6bVAEzfA==}
    engines: {node: '>= 0.4'}
    dependencies:
      call-bind: 1.0.2
      has-tostringtag: 1.0.0
    dev: false

  /is-bigint/1.0.4:
    resolution: {integrity: sha512-zB9CruMamjym81i2JZ3UMn54PKGsQzsJeo6xvN3HJJ4CAsQNB6iRutp2To77OfCNuoxspsIhzaPoO1zyCEhFOg==}
    dependencies:
      has-bigints: 1.0.2
    dev: false

  /is-boolean-object/1.1.2:
    resolution: {integrity: sha512-gDYaKHJmnj4aWxyj6YHyXVpdQawtVLHU5cb+eztPGczf6cjuTdwve5ZIEfgXqH4e57An1D1AKf8CZ3kYrQRqYA==}
    engines: {node: '>= 0.4'}
    dependencies:
      call-bind: 1.0.2
      has-tostringtag: 1.0.0
    dev: false

  /is-callable/1.2.4:
    resolution: {integrity: sha512-nsuwtxZfMX67Oryl9LCQ+upnC0Z0BgpwntpS89m1H/TLF0zNfzfLMV/9Wa/6MZsj0acpEjAO0KF1xT6ZdLl95w==}
    engines: {node: '>= 0.4'}
    dev: false

  /is-date-object/1.0.5:
    resolution: {integrity: sha512-9YQaSxsAiSwcvS33MBk3wTCVnWK+HhF8VZR2jRxehM16QcVOdHqPn4VPHmRK4lSr38n9JriurInLcP90xsYNfQ==}
    engines: {node: '>= 0.4'}
    dependencies:
      has-tostringtag: 1.0.0
    dev: false

  /is-map/2.0.2:
    resolution: {integrity: sha512-cOZFQQozTha1f4MxLFzlgKYPTyj26picdZTx82hbc/Xf4K/tZOOXSCkMvU4pKioRXGDLJRn0GM7Upe7kR721yg==}
    dev: false

  /is-negative-zero/2.0.2:
    resolution: {integrity: sha512-dqJvarLawXsFbNDeJW7zAz8ItJ9cd28YufuuFzh0G8pNHjJMnY08Dv7sYX2uF5UpQOwieAeOExEYAWWfu7ZZUA==}
    engines: {node: '>= 0.4'}
    dev: false

  /is-number-object/1.0.7:
    resolution: {integrity: sha512-k1U0IRzLMo7ZlYIfzRu23Oh6MiIFasgpb9X76eqfFZAqwH44UI4KTBvBYIZ1dSL9ZzChTB9ShHfLkR4pdW5krQ==}
    engines: {node: '>= 0.4'}
    dependencies:
      has-tostringtag: 1.0.0
    dev: false

  /is-property/1.0.2:
    resolution: {integrity: sha512-Ks/IoX00TtClbGQr4TWXemAnktAQvYB7HzcCxDGqEZU6oCmb2INHuOoKxbtR+HFkmYWBKv/dOZtGRiAjDhj92g==}
    dev: false

  /is-regex/1.1.4:
    resolution: {integrity: sha512-kvRdxDsxZjhzUX07ZnLydzS1TU/TJlTUHHY4YLL87e37oUA49DfkLqgy+VjFocowy29cKvcSiu+kIv728jTTVg==}
    engines: {node: '>= 0.4'}
    dependencies:
      call-bind: 1.0.2
      has-tostringtag: 1.0.0
    dev: false

  /is-set/2.0.2:
    resolution: {integrity: sha512-+2cnTEZeY5z/iXGbLhPrOAaK/Mau5k5eXq9j14CpRTftq0pAJu2MwVRSZhyZWBzx3o6X795Lz6Bpb6R0GKf37g==}
    dev: false

  /is-shared-array-buffer/1.0.2:
    resolution: {integrity: sha512-sqN2UDu1/0y6uvXyStCOzyhAjCSlHceFoMKJW8W9EU9cvic/QdsZ0kEU93HEy3IUEFZIiH/3w+AH/UQbPHNdhA==}
    dependencies:
      call-bind: 1.0.2
    dev: false

  /is-string/1.0.7:
    resolution: {integrity: sha512-tE2UXzivje6ofPW7l23cjDOMa09gb7xlAqG6jG5ej6uPV32TlWP3NKPigtaGeHNu9fohccRYvIiZMfOOnOYUtg==}
    engines: {node: '>= 0.4'}
    dependencies:
      has-tostringtag: 1.0.0
    dev: false

  /is-symbol/1.0.4:
    resolution: {integrity: sha512-C/CPBqKWnvdcxqIARxyOh4v1UUEOCHpgDa0WYgpKDFMszcrPcffg5uhwSgPCLD2WWxmq6isisz87tzT01tuGhg==}
    engines: {node: '>= 0.4'}
    dependencies:
      has-symbols: 1.0.3
    dev: false

  /is-weakref/1.0.2:
    resolution: {integrity: sha512-qctsuLZmIQ0+vSSMfoVvyFe2+GSEvnmZ2ezTup1SBse9+twCCeial6EEi3Nc2KFcf6+qz2FBPnjXsk8xhKSaPQ==}
    dependencies:
      call-bind: 1.0.2
    dev: false

  /isarray/2.0.5:
    resolution: {integrity: sha512-xHjhDr3cNBK0BzdUJSPXZntQUx/mwMS5Rw4A7lPJ90XGAO6ISP/ePDNuo0vhqOZU+UD5JoodwCAAoZQd3FeAKw==}
    dev: false

  /iterate-iterator/1.0.2:
    resolution: {integrity: sha512-t91HubM4ZDQ70M9wqp+pcNpu8OyJ9UAtXntT/Bcsvp5tZMnz9vRa+IunKXeI8AnfZMTv0jNuVEmGeLSMjVvfPw==}
    dev: false

  /iterate-value/1.0.2:
    resolution: {integrity: sha512-A6fMAio4D2ot2r/TYzr4yUWrmwNdsN5xL7+HUiyACE4DXm+q8HtPcnFTp+NnW3k4N05tZ7FVYFFb2CR13NxyHQ==}
    dependencies:
      es-get-iterator: 1.1.2
      iterate-iterator: 1.0.2
    dev: false

  /json-schema-traverse/0.4.1:
    resolution: {integrity: sha512-xbbCH5dCYU5T8LcEhhuh7HJ88HXuW3qsI3Y0zOZFKfZEHcpWiHU/Jxzk629Brsab/mMiHQti9wMP+845RPe3Vg==}
    dev: false

  /json-schema-traverse/1.0.0:
    resolution: {integrity: sha512-NM8/P9n3XjXhIZn1lLhkFaACTOURQXjWhV4BA/RnOv8xvgqtqpAX9IO4mRQxSx1Rlo4tqzeqb0sOlruaOy3dug==}
    dev: false

  /json-schema/0.4.0:
    resolution: {integrity: sha512-es94M3nTIfsEPisRafak+HDLfHXnKBhV3vU5eqPcS3flIWqcxJWgXHXiey3YrpaNsanY5ei1VoYEbOzijuq9BA==}
    dev: false

  /light-my-request/4.12.0:
    resolution: {integrity: sha512-0y+9VIfJEsPVzK5ArSIJ8Dkxp8QMP7/aCuxCUtG/tr9a2NoOf/snATE/OUc05XUplJCEnRh6gTkH7xh9POt1DQ==}
    dependencies:
      ajv: 8.11.0
      cookie: 0.5.0
      process-warning: 1.0.0
      set-cookie-parser: 2.5.1
    dev: false

  /lodash.memoize/4.1.2:
    resolution: {integrity: sha512-t7j+NzmgnQzTAYXcsHYLgimltOV1MXHtlOWf6GjL9Kj8GK5FInw5JotxvbOs+IvV1/Dzo04/fCGfLVs7aXb4Ag==}
    dev: false

  /lodash.merge/4.6.2:
    resolution: {integrity: sha512-0KpjqXRVvrYyCsX1swR/XTK0va6VQkQM6MNo7PqW77ByjAhoARA8EfrP1N4+KlKj8YS0ZUCtRT/YUuhyYDujIQ==}
    dev: false

  /lodash.mergewith/4.6.2:
    resolution: {integrity: sha512-GK3g5RPZWTRSeLSpgP8Xhra+pnjBC56q9FZYe1d5RN3TJ35dbkGy3YqBSMbyCrlbi+CM9Z3Jk5yTL7RCsqboyQ==}
    dev: false

  /lru-cache/6.0.0:
    resolution: {integrity: sha512-Jo6dJ04CmSjuznwJSS3pUeWmd/H0ffTlkXXgwZi+eq1UCmqQwCh+eLsYOYCwY991i2Fah4h1BEMCx4qThGbsiA==}
    engines: {node: '>=10'}
    dependencies:
      yallist: 4.0.0
    dev: false

  /mercurius/8.12.2:
    resolution: {integrity: sha512-3bLLjGapSsYStSDNgcGOkz2biSzHIHVCMi7ecGBVXLS8uBGCb1dlruYS83rq74AhOLdpWMwWReZ6jqyuc8SZNw==}
    dependencies:
      '@types/isomorphic-form-data': 2.0.0
      events.on: 1.0.1
      fastify-error: 0.3.1
      fastify-plugin: 3.0.1
      fastify-static: 4.7.0
      fastify-websocket: 4.3.0
      graphql: 15.8.0
      graphql-jit: 0.7.4_graphql@15.8.0
      mqemitter: 4.5.0
      p-map: 4.0.0
      promise.allsettled: 1.0.5
      readable-stream: 3.6.0
      safe-stable-stringify: 2.3.1
      secure-json-parse: 2.4.0
      single-user-cache: 0.6.0
      tiny-lru: 7.0.6
      undici: 4.16.0
      ws: 8.8.1
    transitivePeerDependencies:
      - bufferutil
      - supports-color
      - utf-8-validate
    dev: false

  /mime-db/1.52.0:
    resolution: {integrity: sha512-sPU4uV7dYlvtWJxwwxHD0PuihVNiE7TyAbQ5SWxDCB9mUYvOgroQOwYQQOKPJ8CIbE+1ETVlOoK1UC2nU3gYvg==}
    engines: {node: '>= 0.6'}
    dev: false

  /mime-types/2.1.35:
    resolution: {integrity: sha512-ZDY+bPm5zTTF+YpCrAU9nK0UgICYPT0QtT1NZWFv4s++TNkcgVaT0g6+4R2uI4MjQjzysHB1zxuWL50hzaeXiw==}
    engines: {node: '>= 0.6'}
    dependencies:
      mime-db: 1.52.0
    dev: false

  /mime/1.6.0:
    resolution: {integrity: sha512-x0Vn8spI+wuJ1O6S7gnbaQg8Pxh4NNHb7KSINmEWKiPE4RKOplvijn+NkmYmmRgP68mc70j2EbeTFRsrswaQeg==}
    engines: {node: '>=4'}
    hasBin: true
    dev: false

  /minimatch/3.1.2:
    resolution: {integrity: sha512-J7p63hRiAjw1NDEww1W7i37+ByIrOWO5XQQAzZ3VOcL0PNybwpfmV/N05zFAzwQ9USyEcX6t3UO+K5aqBQOIHw==}
    dependencies:
      brace-expansion: 1.1.11
    dev: false

  /mqemitter/4.5.0:
    resolution: {integrity: sha512-Mp/zytFeIv6piJQkEKnncHcP4R/ErJc5C7dfonkhkNUT2LA/nTayrfNxbipp3M5iCJUTQSUtzfQAQA3XVcKz6w==}
    engines: {node: '>=10'}
    dependencies:
      fastparallel: 2.4.1
      qlobber: 5.0.3
    dev: false

  /ms/2.0.0:
    resolution: {integrity: sha512-Tpp60P6IUJDTuOq/5Z8cdskzJujfwqfOTkrwIwj7IRISpnkJnT6SyJ4PCPnGMoFjC9ddhal5KVIYtAt97ix05A==}
    dev: false

  /ms/2.1.2:
    resolution: {integrity: sha512-sGkPx+VjMtmA6MX27oA4FBFELFCZZ4S4XqeGOXCv68tT+jb3vk/RyaKWP0PTKyWtmLSM0b+adUTEvbs1PEaH2w==}
    dev: false

  /ms/2.1.3:
    resolution: {integrity: sha512-6FlzubTLZG3J2a/NVCAleEhjzq5oxgHyaCU9yYXvcLsvoVaHJq/s5xXI6/XXP6tz7R9xAOtHnSO/tXtF3WRTlA==}
    dev: false

  /object-inspect/1.12.2:
    resolution: {integrity: sha512-z+cPxW0QGUp0mcqcsgQyLVRDoXFQbXOwBaqyF7VIgI4TWNQsDHrBpUQslRmIfAoYWdYzs6UlKJtB2XJpTaNSpQ==}
    dev: false

  /object-keys/1.1.1:
    resolution: {integrity: sha512-NuAESUOUMrlIXOfHKzD6bpPu3tYt3xvjNdRIQ+FeT0lNb4K8WR70CaDxhuNguS2XG+GjkyMwOzsN5ZktImfhLA==}
    engines: {node: '>= 0.4'}
    dev: false

  /object.assign/4.1.2:
    resolution: {integrity: sha512-ixT2L5THXsApyiUPYKmW+2EHpXXe5Ii3M+f4e+aJFAHao5amFRW6J0OO6c/LU8Be47utCx2GL89hxGB6XSmKuQ==}
    engines: {node: '>= 0.4'}
    dependencies:
      call-bind: 1.0.2
      define-properties: 1.1.4
      has-symbols: 1.0.3
      object-keys: 1.1.1
    dev: false

  /on-finished/2.3.0:
    resolution: {integrity: sha512-ikqdkGAAyf/X/gPhXGvfgAytDZtDbr+bkNUJ0N9h5MI/dmdgCs3l6hoHrcUv41sRKew3jIwrp4qQDXiK99Utww==}
    engines: {node: '>= 0.8'}
    dependencies:
      ee-first: 1.1.1
    dev: false

  /once/1.4.0:
    resolution: {integrity: sha512-lNaJgI+2Q5URQBkccEKHTQOPaXdUxnZZElQTZY0MFUAuaEqe1E+Nyvgdz/aIyNi6Z9MzO5dv1H8n58/GELp3+w==}
    dependencies:
      wrappy: 1.0.2
    dev: false

  /p-limit/3.1.0:
    resolution: {integrity: sha512-TYOanM3wGwNGsZN2cVTYPArw454xnXj5qmWF1bEoAc4+cU/ol7GVh7odevjp1FNHduHc3KZMcFduxU5Xc6uJRQ==}
    engines: {node: '>=10'}
    dependencies:
      yocto-queue: 0.1.0
    dev: false

  /p-map/4.0.0:
    resolution: {integrity: sha512-/bjOqmgETBYB5BoEeGVea8dmvHb2m9GLy1E9W43yeyfP6QQCZGFNa+XRceJEuDB6zqr+gKpIAmlLebMpykw/MQ==}
    engines: {node: '>=10'}
    dependencies:
      aggregate-error: 3.1.0
    dev: false

  /path-is-absolute/1.0.1:
    resolution: {integrity: sha512-AVbw3UJ2e9bq64vSaS9Am0fje1Pa8pbGqTTsmXfaIiMpnr5DlDhfJOuLj9Sf95ZPVDAUerDfEk88MPmPe7UCQg==}
    engines: {node: '>=0.10.0'}
    dev: false

  /pino-std-serializers/3.2.0:
    resolution: {integrity: sha512-EqX4pwDPrt3MuOAAUBMU0Tk5kR/YcCM5fNPEzgCO2zJ5HfX0vbiH9HbJglnyeQsN96Kznae6MWD47pZB5avTrg==}
    dev: false

  /pino/6.14.0:
    resolution: {integrity: sha512-iuhEDel3Z3hF9Jfe44DPXR8l07bhjuFY3GMHIXbjnY9XcafbyDDwl2sN2vw2GjMPf5Nkoe+OFao7ffn9SXaKDg==}
    hasBin: true
    dependencies:
      fast-redact: 3.1.1
      fast-safe-stringify: 2.1.1
      flatstr: 1.0.12
      pino-std-serializers: 3.2.0
      process-warning: 1.0.0
      quick-format-unescaped: 4.0.4
      sonic-boom: 1.4.1
    dev: false

  /process-warning/1.0.0:
    resolution: {integrity: sha512-du4wfLyj4yCZq1VupnVSZmRsPJsNuxoDQFdCFHLaYiEbFBD7QE0a+I4D7hOxrVnh78QE/YipFAj9lXHiXocV+Q==}
    dev: false

  /promise.allsettled/1.0.5:
    resolution: {integrity: sha512-tVDqeZPoBC0SlzJHzWGZ2NKAguVq2oiYj7gbggbiTvH2itHohijTp7njOUA0aQ/nl+0lr/r6egmhoYu63UZ/pQ==}
    engines: {node: '>= 0.4'}
    dependencies:
      array.prototype.map: 1.0.4
      call-bind: 1.0.2
      define-properties: 1.1.4
      es-abstract: 1.20.1
      get-intrinsic: 1.1.2
      iterate-value: 1.0.2
    dev: false

  /proxy-addr/2.0.7:
    resolution: {integrity: sha512-llQsMLSUDUPT44jdrU/O37qlnifitDP+ZwrmmZcoSKyLKvtZxpyV0n2/bD/N4tBAAZ/gJEdZU7KMraoK1+XYAg==}
    engines: {node: '>= 0.10'}
    dependencies:
      forwarded: 0.2.0
      ipaddr.js: 1.9.1
    dev: false

  /punycode/2.1.1:
    resolution: {integrity: sha512-XRsRjdf+j5ml+y/6GKHPZbrF/8p2Yga0JPtdqTIY2Xe5ohJPD9saDJJLPvp9+NSBprVvevdXZybnj2cv8OEd0A==}
    engines: {node: '>=6'}
    dev: false

  /qlobber/5.0.3:
    resolution: {integrity: sha512-wW4GTZPePyh0RgOsM18oDyOUlXfurVRgoNyJfS+y7VWPyd0GYhQp5T2tycZFZjonH+hngxIfklGJhTP/ghidgQ==}
    engines: {node: '>= 8'}
    dev: false

  /queue-microtask/1.2.3:
    resolution: {integrity: sha512-NuaNSa6flKT5JaSYQzJok04JzTL1CA6aGhv5rfLW3PgqA+M2ChpZQnAC8h8i4ZFkBS8X5RqkDBHA7r4hej3K9A==}
    dev: false

  /quick-format-unescaped/4.0.4:
    resolution: {integrity: sha512-tYC1Q1hgyRuHgloV/YXs2w15unPVh8qfu/qCTfhTYamaw7fyhumKa2yGpdSo87vY32rIclj+4fWYQXUMs9EHvg==}
    dev: false

  /range-parser/1.2.1:
    resolution: {integrity: sha512-Hrgsx+orqoygnmhFbKaHE6c296J+HTAQXoxEF6gNupROmmGJRoyzfG3ccAveqCBrwr/2yxQ5BVd/GTl5agOwSg==}
    engines: {node: '>= 0.6'}
    dev: false

  /readable-stream/3.6.0:
    resolution: {integrity: sha512-BViHy7LKeTz4oNnkcLJ+lVSL6vpiFeX6/d3oSH8zCW7UxP2onchk+vTGB143xuFjHS3deTgkKoXXymXqymiIdA==}
    engines: {node: '>= 6'}
    dependencies:
      inherits: 2.0.4
      string_decoder: 1.3.0
      util-deprecate: 1.0.2
    dev: false

  /regexp.prototype.flags/1.4.3:
    resolution: {integrity: sha512-fjggEOO3slI6Wvgjwflkc4NFRCTZAu5CnNfBd5qOMYhWdn67nJBBu34/TkD++eeFmd8C9r9jfXJ27+nSiRkSUA==}
    engines: {node: '>= 0.4'}
    dependencies:
      call-bind: 1.0.2
      define-properties: 1.1.4
      functions-have-names: 1.2.3
    dev: false

  /require-from-string/2.0.2:
    resolution: {integrity: sha512-Xf0nWe6RseziFMu+Ap9biiUbmplq6S9/p+7w7YXP/JBHhrUDDUhwa+vANyubuqfZWTveU//DYVGsDG7RKL/vEw==}
    engines: {node: '>=0.10.0'}
    dev: false

  /ret/0.2.2:
    resolution: {integrity: sha512-M0b3YWQs7R3Z917WRQy1HHA7Ba7D8hvZg6UE5mLykJxQVE2ju0IXbGlaHPPlkY+WN7wFP+wUMXmBFA0aV6vYGQ==}
    engines: {node: '>=4'}
    dev: false

  /reusify/1.0.4:
    resolution: {integrity: sha512-U9nH88a3fc/ekCF1l0/UP1IosiuIjyTh7hBvXVMHYgVcfGvt897Xguj2UOLDeI5BG2m7/uwyaLVT6fbtCwTyzw==}
    engines: {iojs: '>=1.0.0', node: '>=0.10.0'}
    dev: false

  /rfdc/1.3.0:
    resolution: {integrity: sha512-V2hovdzFbOi77/WajaSMXk2OLm+xNIeQdMMuB7icj7bk6zi2F8GGAxigcnDFpJHbNyNcgyJDiP+8nOrY5cZGrA==}
    dev: false

  /safe-buffer/5.2.1:
    resolution: {integrity: sha512-rp3So07KcdmmKbGvgaNxQSJr7bGVSVk5S9Eq1F+ppbRo70+YeaDxkw5Dd8NPN+GD6bjnYm2VuPuCXmpuYvmCXQ==}
    dev: false

  /safe-regex2/2.0.0:
    resolution: {integrity: sha512-PaUSFsUaNNuKwkBijoAPHAK6/eM6VirvyPWlZ7BAQy4D+hCvh4B6lIG+nPdhbFfIbP+gTGBcrdsOaUs0F+ZBOQ==}
    dependencies:
      ret: 0.2.2
    dev: false

  /safe-stable-stringify/2.3.1:
    resolution: {integrity: sha512-kYBSfT+troD9cDA85VDnHZ1rpHC50O0g1e6WlGHVCz/g+JS+9WKLj+XwFYyR8UbrZN8ll9HUpDAAddY58MGisg==}
    engines: {node: '>=10'}
    dev: false

  /secure-json-parse/2.4.0:
    resolution: {integrity: sha512-Q5Z/97nbON5t/L/sH6mY2EacfjVGwrCcSi5D3btRO2GZ8pf1K1UN7Z9H5J57hjVU2Qzxr1xO+FmBhOvEkzCMmg==}
    dev: false

  /semver-store/0.3.0:
    resolution: {integrity: sha512-TcZvGMMy9vodEFSse30lWinkj+JgOBvPn8wRItpQRSayhc+4ssDs335uklkfvQQJgL/WvmHLVj4Ycv2s7QCQMg==}
    dev: false

  /semver/7.3.7:
    resolution: {integrity: sha512-QlYTucUYOews+WeEujDoEGziz4K6c47V/Bd+LjSSYcA94p+DmINdf7ncaUinThfvZyu13lN9OY1XDxt8C0Tw0g==}
    engines: {node: '>=10'}
    hasBin: true
    dependencies:
      lru-cache: 6.0.0
    dev: false

  /send/0.17.2:
    resolution: {integrity: sha512-UJYB6wFSJE3G00nEivR5rgWp8c2xXvJ3OPWPhmuteU0IKj8nKbG3DrjiOmLwpnHGYWAVwA69zmTm++YG0Hmwww==}
    engines: {node: '>= 0.8.0'}
    dependencies:
      debug: 2.6.9
      depd: 1.1.2
      destroy: 1.0.4
      encodeurl: 1.0.2
      escape-html: 1.0.3
      etag: 1.8.1
      fresh: 0.5.2
      http-errors: 1.8.1
      mime: 1.6.0
      ms: 2.1.3
      on-finished: 2.3.0
      range-parser: 1.2.1
      statuses: 1.5.0
    transitivePeerDependencies:
      - supports-color
    dev: false

  /set-cookie-parser/2.5.1:
    resolution: {integrity: sha512-1jeBGaKNGdEq4FgIrORu/N570dwoPYio8lSoYLWmX7sQ//0JY08Xh9o5pBcgmHQ/MbsYp/aZnOe1s1lIsbLprQ==}
    dev: false

  /setprototypeof/1.2.0:
    resolution: {integrity: sha512-E5LDX7Wrp85Kil5bhZv46j8jOeboKq5JMmYM3gVGdGH8xFpPWXUMsNrlODCrkoxMEeNi/XZIwuRvY4XNwYMJpw==}
    dev: false

  /side-channel/1.0.4:
    resolution: {integrity: sha512-q5XPytqFEIKHkGdiMIrY10mvLRvnQh42/+GoBlFW3b2LXLE2xxJpZFdm94we0BaoV3RwJyGqg5wS7epxTv0Zvw==}
    dependencies:
      call-bind: 1.0.2
      get-intrinsic: 1.1.2
      object-inspect: 1.12.2
    dev: false

  /single-user-cache/0.6.0:
    resolution: {integrity: sha512-uMrANoiybpbsrVDbZ2M7GPzxeqZiirwkVnsDAre1zGhXAAw+2dImTxu7h0l1sIVtwGeJnVsRxgG4I5rZrUX0rw==}
    dependencies:
      safe-stable-stringify: 2.3.1
    dev: false

  /sonic-boom/1.4.1:
    resolution: {integrity: sha512-LRHh/A8tpW7ru89lrlkU4AszXt1dbwSjVWguGrmlxE7tawVmDBlI1PILMkXAxJTwqhgsEeTHzj36D5CmHgQmNg==}
    dependencies:
      atomic-sleep: 1.0.0
      flatstr: 1.0.12
    dev: false

  /statuses/1.5.0:
    resolution: {integrity: sha512-OpZ3zP+jT1PI7I8nemJX4AKmAX070ZkYPVWV/AaKTJl+tXCTGyVdC1a4SL8RUQYEwk/f34ZX8UTykN68FwrqAA==}
    engines: {node: '>= 0.6'}
    dev: false

  /string-similarity/4.0.4:
    resolution: {integrity: sha512-/q/8Q4Bl4ZKAPjj8WerIBJWALKkaPRfrvhfF8k/B23i4nzrlRj2/go1m90In7nG/3XDSbOo0+pu6RvCTM9RGMQ==}
    dev: false

  /string.prototype.trimend/1.0.5:
    resolution: {integrity: sha512-I7RGvmjV4pJ7O3kdf+LXFpVfdNOxtCW/2C8f6jNiW4+PQchwxkCDzlk1/7p+Wl4bqFIZeF47qAHXLuHHWKAxog==}
    dependencies:
      call-bind: 1.0.2
      define-properties: 1.1.4
      es-abstract: 1.20.1
    dev: false

  /string.prototype.trimstart/1.0.5:
    resolution: {integrity: sha512-THx16TJCGlsN0o6dl2o6ncWUsdgnLRSA23rRE5pyGBw/mLr3Ej/R2LaqCtgP8VNMGZsvMWnf9ooZPyY2bHvUFg==}
    dependencies:
      call-bind: 1.0.2
      define-properties: 1.1.4
      es-abstract: 1.20.1
    dev: false

  /string_decoder/1.3.0:
    resolution: {integrity: sha512-hkRX8U1WjJFd8LsDJ2yQ/wWWxaopEsABU1XfkM8A+j0+85JAGppt16cr1Whg6KIbb4okU6Mql6BOj+uup/wKeA==}
    dependencies:
      safe-buffer: 5.2.1
    dev: false

  /tiny-lru/7.0.6:
    resolution: {integrity: sha512-zNYO0Kvgn5rXzWpL0y3RS09sMK67eGaQj9805jlK9G6pSadfriTczzLHFXa/xcW4mIRfmlB9HyQ/+SgL0V1uow==}
    engines: {node: '>=6'}
    dev: false

  /tiny-lru/8.0.2:
    resolution: {integrity: sha512-ApGvZ6vVvTNdsmt676grvCkUCGwzG9IqXma5Z07xJgiC5L7akUMof5U8G2JTI9Rz/ovtVhJBlY6mNhEvtjzOIg==}
    engines: {node: '>=6'}
    dev: false

  /toidentifier/1.0.1:
    resolution: {integrity: sha512-o5sSPKEkg/DIQNmH43V0/uerLrpzVedkUh8tGNvaeXpfpuwjKenlSox/2O/BTlZUtEe+JG7s5YhEz608PlAHRA==}
    engines: {node: '>=0.6'}
    dev: false

  /unbox-primitive/1.0.2:
    resolution: {integrity: sha512-61pPlCD9h51VoreyJ0BReideM3MDKMKnh6+V9L08331ipq6Q8OFXZYiqP6n/tbHx4s5I9uRhcye6BrbkizkBDw==}
    dependencies:
      call-bind: 1.0.2
      has-bigints: 1.0.2
      has-symbols: 1.0.3
      which-boxed-primitive: 1.0.2
    dev: false

  /undici/4.16.0:
    resolution: {integrity: sha512-tkZSECUYi+/T1i4u+4+lwZmQgLXd4BLGlrc7KZPcLIW7Jpq99+Xpc30ONv7nS6F5UNOxp/HBZSSL9MafUrvJbw==}
    engines: {node: '>=12.18'}
    dev: false

  /uri-js/4.4.1:
    resolution: {integrity: sha512-7rKUyy33Q1yc98pQ1DAmLtwX109F7TIfWlW1Ydo8Wl1ii1SeHieeh0HHfPeL2fMXK6z0s8ecKs9frCuLJvndBg==}
    dependencies:
      punycode: 2.1.1
    dev: false

  /util-deprecate/1.0.2:
    resolution: {integrity: sha512-EPD5q1uXyFxJpCrLnCc1nHnq3gOa6DZBocAIiI2TaSCA7VCJ1UJDMagCzIkXNsUYfD1daK//LTEQ8xiIbrHtcw==}
    dev: false

  /which-boxed-primitive/1.0.2:
    resolution: {integrity: sha512-bwZdv0AKLpplFY2KZRX6TvyuN7ojjr7lwkg6ml0roIy9YeuSr7JS372qlNW18UQYzgYK9ziGcerWqZOmEn9VNg==}
    dependencies:
      is-bigint: 1.0.4
      is-boolean-object: 1.1.2
      is-number-object: 1.0.7
      is-string: 1.0.7
      is-symbol: 1.0.4
    dev: false

  /wrappy/1.0.2:
    resolution: {integrity: sha512-l4Sp/DRseor9wL6EvV2+TuQn63dMkPjZ/sp9XkghTEbV9KlPS1xUsZ3u7/IQO4wxtcFB4bgpQPRcR3QCvezPcQ==}
    dev: false

  /ws/8.8.1:
    resolution: {integrity: sha512-bGy2JzvzkPowEJV++hF07hAD6niYSr0JzBNo/J29WsB57A2r7Wlc1UFcTR9IzrPvuNVO4B8LGqF8qcpsVOhJCA==}
    engines: {node: '>=10.0.0'}
    peerDependencies:
      bufferutil: ^4.0.1
      utf-8-validate: ^5.0.2
    peerDependenciesMeta:
      bufferutil:
        optional: true
      utf-8-validate:
        optional: true
    dev: false

  /xtend/4.0.2:
    resolution: {integrity: sha512-LKYU1iAXJXUgAXn9URjiu+MWhyUXHsvfp7mcuYm9dSUKK0/CjtrUwFAxD82/mCWbtLsGjFIad0wIsod4zrTAEQ==}
    engines: {node: '>=0.4'}
    dev: false

  /yallist/4.0.0:
    resolution: {integrity: sha512-3wdGidZyq5PB084XLES5TpOSRA3wjXAlIWMhum2kRcv/41Sn2emQ0dycQW4uZXLejwKvg6EsvbdlVL+FYEct7A==}
    dev: false

  /yocto-queue/0.1.0:
    resolution: {integrity: sha512-rVksvsnNCdJ/ohGc6xgPwyN8eheCxsiLM8mxuE/t/mOVqJewPuO1miLpTHQiRgTKCLexL4MeAFVagts7HmNZ2Q==}
    engines: {node: '>=10'}
    dev: false
